
Microsoft Visual Studio Solution File, Format Version 12.00
# Visual Studio 15
VisualStudioVersion = 15.0.26228.4
MinimumVisualStudioVersion = 10.0.40219.1
Project("{FAE04EC0-301F-11D3-BF4B-00C04F79EFBC}") = "SwiftMiX Project", "SwiftMiX\SwiftMiX Project.csproj", "{B6246C3C-C538-4E56-9A17-E4674C45042E}"
	ProjectSection(ProjectDependencies) = postProject
		{6B143A39-C7B2-4743-9917-92262C60E9A6} = {6B143A39-C7B2-4743-9917-92262C60E9A6}
		{730DE542-6539-483B-9D71-2E8D002446EF} = {730DE542-6539-483B-9D71-2E8D002446EF}
		{33D6FF5D-C30C-4976-B35D-98CDF7519BA0} = {33D6FF5D-C30C-4976-B35D-98CDF7519BA0}
		{F0426BAB-CBDF-448F-8A49-35F5E94BD076} = {F0426BAB-CBDF-448F-8A49-35F5E94BD076}
		{53A39ED2-BDCF-4223-A7BB-1724EA6A0A53} = {53A39ED2-BDCF-4223-A7BB-1724EA6A0A53}
		{55F32DF2-0E4B-4E03-9A02-C511854C4199} = {55F32DF2-0E4B-4E03-9A02-C511854C4199}
	EndProjectSection
EndProject
Project("{FAE04EC0-301F-11D3-BF4B-00C04F79EFBC}") = "MediaTags", "..\MediaTagSharp\src\MediaTags\MediaTags.csproj", "{F0426BAB-CBDF-448F-8A49-35F5E94BD076}"
	ProjectSection(ProjectDependencies) = postProject
		{6B143A39-C7B2-4743-9917-92262C60E9A6} = {6B143A39-C7B2-4743-9917-92262C60E9A6}
		{55F32DF2-0E4B-4E03-9A02-C511854C4199} = {55F32DF2-0E4B-4E03-9A02-C511854C4199}
	EndProjectSection
EndProject
Project("{FAE04EC0-301F-11D3-BF4B-00C04F79EFBC}") = "ImageComboBox", "..\ImageComboBox\ImageComboBox\ImageComboBox.csproj", "{33D6FF5D-C30C-4976-B35D-98CDF7519BA0}"
EndProject
Project("{FAE04EC0-301F-11D3-BF4B-00C04F79EFBC}") = "Unicode", "..\Utf8Checker\Unicode.csproj", "{53A39ED2-BDCF-4223-A7BB-1724EA6A0A53}"
EndProject
Project("{FAE04EC0-301F-11D3-BF4B-00C04F79EFBC}") = "TorboSS.DockableForm", "..\TorboSS.DockableForm\TorboSS.DockableForm\TorboSS.DockableForm.csproj", "{730DE542-6539-483B-9D71-2E8D002446EF}"
EndProject
Project("{FAE04EC0-301F-11D3-BF4B-00C04F79EFBC}") = "TaglibSharp", "..\MediaTagSharp\src\Taglib-Sharp\TaglibSharp.csproj", "{6B143A39-C7B2-4743-9917-92262C60E9A6}"
EndProject
Project("{FAE04EC0-301F-11D3-BF4B-00C04F79EFBC}") = "WinMediaLib", "..\MediaTagSharp\src\WinMediaLib\WinMediaLib.csproj", "{55F32DF2-0E4B-4E03-9A02-C511854C4199}"
EndProject
Project("{54435603-DBB4-11D2-8724-00A0C9A8B90C}") = "SwiftMiX Installer", "SwiftMiX Installer\SwiftMiX Installer.vdproj", "{E0E8C7BB-443D-48A7-BB61-2098587271D9}"
EndProject
Global
	GlobalSection(SolutionConfigurationPlatforms) = preSolution
		Debug|Any CPU = Debug|Any CPU
		Debug|Mixed Platforms = Debug|Mixed Platforms
		Debug|x64 = Debug|x64
		Debug|x86 = Debug|x86
		Release|Any CPU = Release|Any CPU
		Release|Mixed Platforms = Release|Mixed Platforms
		Release|x64 = Release|x64
		Release|x86 = Release|x86
	EndGlobalSection
	GlobalSection(ProjectConfigurationPlatforms) = postSolution
		{B6246C3C-C538-4E56-9A17-E4674C45042E}.Debug|Any CPU.ActiveCfg = Debug|x86
		{B6246C3C-C538-4E56-9A17-E4674C45042E}.Debug|Mixed Platforms.ActiveCfg = Debug|x86
		{B6246C3C-C538-4E56-9A17-E4674C45042E}.Debug|Mixed Platforms.Build.0 = Debug|x86
		{B6246C3C-C538-4E56-9A17-E4674C45042E}.Debug|x64.ActiveCfg = Debug|x64
		{B6246C3C-C538-4E56-9A17-E4674C45042E}.Debug|x64.Build.0 = Debug|x64
		{B6246C3C-C538-4E56-9A17-E4674C45042E}.Debug|x86.ActiveCfg = Debug|x86
		{B6246C3C-C538-4E56-9A17-E4674C45042E}.Debug|x86.Build.0 = Debug|x86
		{B6246C3C-C538-4E56-9A17-E4674C45042E}.Release|Any CPU.ActiveCfg = Release|x86
		{B6246C3C-C538-4E56-9A17-E4674C45042E}.Release|Mixed Platforms.ActiveCfg = Release|x86
		{B6246C3C-C538-4E56-9A17-E4674C45042E}.Release|Mixed Platforms.Build.0 = Release|x86
		{B6246C3C-C538-4E56-9A17-E4674C45042E}.Release|x64.ActiveCfg = Release|x64
		{B6246C3C-C538-4E56-9A17-E4674C45042E}.Release|x64.Build.0 = Release|x64
		{B6246C3C-C538-4E56-9A17-E4674C45042E}.Release|x86.ActiveCfg = Release|x86
		{B6246C3C-C538-4E56-9A17-E4674C45042E}.Release|x86.Build.0 = Release|x86
		{F0426BAB-CBDF-448F-8A49-35F5E94BD076}.Debug|Any CPU.ActiveCfg = Debug|Any CPU
		{F0426BAB-CBDF-448F-8A49-35F5E94BD076}.Debug|Any CPU.Build.0 = Debug|Any CPU
		{F0426BAB-CBDF-448F-8A49-35F5E94BD076}.Debug|Mixed Platforms.ActiveCfg = Debug|x86
		{F0426BAB-CBDF-448F-8A49-35F5E94BD076}.Debug|Mixed Platforms.Build.0 = Debug|x86
		{F0426BAB-CBDF-448F-8A49-35F5E94BD076}.Debug|x64.ActiveCfg = Debug|x64
		{F0426BAB-CBDF-448F-8A49-35F5E94BD076}.Debug|x64.Build.0 = Debug|x64
		{F0426BAB-CBDF-448F-8A49-35F5E94BD076}.Debug|x86.ActiveCfg = Debug|x86
		{F0426BAB-CBDF-448F-8A49-35F5E94BD076}.Debug|x86.Build.0 = Debug|x86
		{F0426BAB-CBDF-448F-8A49-35F5E94BD076}.Release|Any CPU.ActiveCfg = Release|Any CPU
		{F0426BAB-CBDF-448F-8A49-35F5E94BD076}.Release|Any CPU.Build.0 = Release|Any CPU
		{F0426BAB-CBDF-448F-8A49-35F5E94BD076}.Release|Mixed Platforms.ActiveCfg = Release|x86
		{F0426BAB-CBDF-448F-8A49-35F5E94BD076}.Release|Mixed Platforms.Build.0 = Release|x86
		{F0426BAB-CBDF-448F-8A49-35F5E94BD076}.Release|x64.ActiveCfg = Release|x64
		{F0426BAB-CBDF-448F-8A49-35F5E94BD076}.Release|x64.Build.0 = Release|x64
		{F0426BAB-CBDF-448F-8A49-35F5E94BD076}.Release|x86.ActiveCfg = Release|x86
		{F0426BAB-CBDF-448F-8A49-35F5E94BD076}.Release|x86.Build.0 = Release|x86
		{33D6FF5D-C30C-4976-B35D-98CDF7519BA0}.Debug|Any CPU.ActiveCfg = Debug|Any CPU
		{33D6FF5D-C30C-4976-B35D-98CDF7519BA0}.Debug|Any CPU.Build.0 = Debug|Any CPU
		{33D6FF5D-C30C-4976-B35D-98CDF7519BA0}.Debug|Mixed Platforms.ActiveCfg = Debug|x86
		{33D6FF5D-C30C-4976-B35D-98CDF7519BA0}.Debug|Mixed Platforms.Build.0 = Debug|x86
		{33D6FF5D-C30C-4976-B35D-98CDF7519BA0}.Debug|x64.ActiveCfg = Debug|x64
		{33D6FF5D-C30C-4976-B35D-98CDF7519BA0}.Debug|x64.Build.0 = Debug|x64
		{33D6FF5D-C30C-4976-B35D-98CDF7519BA0}.Debug|x86.ActiveCfg = Debug|x86
		{33D6FF5D-C30C-4976-B35D-98CDF7519BA0}.Debug|x86.Build.0 = Debug|x86
		{33D6FF5D-C30C-4976-B35D-98CDF7519BA0}.Release|Any CPU.ActiveCfg = Release|Any CPU
		{33D6FF5D-C30C-4976-B35D-98CDF7519BA0}.Release|Any CPU.Build.0 = Release|Any CPU
		{33D6FF5D-C30C-4976-B35D-98CDF7519BA0}.Release|Mixed Platforms.ActiveCfg = Release|x86
		{33D6FF5D-C30C-4976-B35D-98CDF7519BA0}.Release|Mixed Platforms.Build.0 = Release|x86
		{33D6FF5D-C30C-4976-B35D-98CDF7519BA0}.Release|x64.ActiveCfg = Release|x64
		{33D6FF5D-C30C-4976-B35D-98CDF7519BA0}.Release|x64.Build.0 = Release|x64
		{33D6FF5D-C30C-4976-B35D-98CDF7519BA0}.Release|x86.ActiveCfg = Release|x86
		{33D6FF5D-C30C-4976-B35D-98CDF7519BA0}.Release|x86.Build.0 = Release|x86
		{53A39ED2-BDCF-4223-A7BB-1724EA6A0A53}.Debug|Any CPU.ActiveCfg = Debug|Any CPU
		{53A39ED2-BDCF-4223-A7BB-1724EA6A0A53}.Debug|Any CPU.Build.0 = Debug|Any CPU
		{53A39ED2-BDCF-4223-A7BB-1724EA6A0A53}.Debug|Mixed Platforms.ActiveCfg = Debug|x86
		{53A39ED2-BDCF-4223-A7BB-1724EA6A0A53}.Debug|Mixed Platforms.Build.0 = Debug|x86
		{53A39ED2-BDCF-4223-A7BB-1724EA6A0A53}.Debug|x64.ActiveCfg = Debug|x64
		{53A39ED2-BDCF-4223-A7BB-1724EA6A0A53}.Debug|x64.Build.0 = Debug|x64
		{53A39ED2-BDCF-4223-A7BB-1724EA6A0A53}.Debug|x86.ActiveCfg = Debug|x86
		{53A39ED2-BDCF-4223-A7BB-1724EA6A0A53}.Debug|x86.Build.0 = Debug|x86
		{53A39ED2-BDCF-4223-A7BB-1724EA6A0A53}.Release|Any CPU.ActiveCfg = Release|Any CPU
		{53A39ED2-BDCF-4223-A7BB-1724EA6A0A53}.Release|Any CPU.Build.0 = Release|Any CPU
		{53A39ED2-BDCF-4223-A7BB-1724EA6A0A53}.Release|Mixed Platforms.ActiveCfg = Release|x86
		{53A39ED2-BDCF-4223-A7BB-1724EA6A0A53}.Release|Mixed Platforms.Build.0 = Release|x86
		{53A39ED2-BDCF-4223-A7BB-1724EA6A0A53}.Release|x64.ActiveCfg = Release|x64
		{53A39ED2-BDCF-4223-A7BB-1724EA6A0A53}.Release|x64.Build.0 = Release|x64
		{53A39ED2-BDCF-4223-A7BB-1724EA6A0A53}.Release|x86.ActiveCfg = Release|x86
		{53A39ED2-BDCF-4223-A7BB-1724EA6A0A53}.Release|x86.Build.0 = Release|x86
		{730DE542-6539-483B-9D71-2E8D002446EF}.Debug|Any CPU.ActiveCfg = Debug|Any CPU
		{730DE542-6539-483B-9D71-2E8D002446EF}.Debug|Any CPU.Build.0 = Debug|Any CPU
		{730DE542-6539-483B-9D71-2E8D002446EF}.Debug|Mixed Platforms.ActiveCfg = Debug|x86
		{730DE542-6539-483B-9D71-2E8D002446EF}.Debug|Mixed Platforms.Build.0 = Debug|x86
		{730DE542-6539-483B-9D71-2E8D002446EF}.Debug|x64.ActiveCfg = Debug|x64
		{730DE542-6539-483B-9D71-2E8D002446EF}.Debug|x64.Build.0 = Debug|x64
		{730DE542-6539-483B-9D71-2E8D002446EF}.Debug|x86.ActiveCfg = Debug|x86
		{730DE542-6539-483B-9D71-2E8D002446EF}.Debug|x86.Build.0 = Debug|x86
		{730DE542-6539-483B-9D71-2E8D002446EF}.Release|Any CPU.ActiveCfg = Release|Any CPU
		{730DE542-6539-483B-9D71-2E8D002446EF}.Release|Any CPU.Build.0 = Release|Any CPU
		{730DE542-6539-483B-9D71-2E8D002446EF}.Release|Mixed Platforms.ActiveCfg = Release|x86
		{730DE542-6539-483B-9D71-2E8D002446EF}.Release|Mixed Platforms.Build.0 = Release|x86
		{730DE542-6539-483B-9D71-2E8D002446EF}.Release|x64.ActiveCfg = Release|x64
		{730DE542-6539-483B-9D71-2E8D002446EF}.Release|x64.Build.0 = Release|x64
		{730DE542-6539-483B-9D71-2E8D002446EF}.Release|x86.ActiveCfg = Release|x86
		{730DE542-6539-483B-9D71-2E8D002446EF}.Release|x86.Build.0 = Release|x86
		{6B143A39-C7B2-4743-9917-92262C60E9A6}.Debug|Any CPU.ActiveCfg = Debug|Any CPU
		{6B143A39-C7B2-4743-9917-92262C60E9A6}.Debug|Any CPU.Build.0 = Debug|Any CPU
		{6B143A39-C7B2-4743-9917-92262C60E9A6}.Debug|Mixed Platforms.ActiveCfg = Debug|x86
		{6B143A39-C7B2-4743-9917-92262C60E9A6}.Debug|Mixed Platforms.Build.0 = Debug|x86
		{6B143A39-C7B2-4743-9917-92262C60E9A6}.Debug|x64.ActiveCfg = Debug|x64
		{6B143A39-C7B2-4743-9917-92262C60E9A6}.Debug|x64.Build.0 = Debug|x64
		{6B143A39-C7B2-4743-9917-92262C60E9A6}.Debug|x86.ActiveCfg = Debug|x86
		{6B143A39-C7B2-4743-9917-92262C60E9A6}.Debug|x86.Build.0 = Debug|x86
		{6B143A39-C7B2-4743-9917-92262C60E9A6}.Release|Any CPU.ActiveCfg = Release|Any CPU
		{6B143A39-C7B2-4743-9917-92262C60E9A6}.Release|Any CPU.Build.0 = Release|Any CPU
		{6B143A39-C7B2-4743-9917-92262C60E9A6}.Release|Mixed Platforms.ActiveCfg = Release|x86
		{6B143A39-C7B2-4743-9917-92262C60E9A6}.Release|Mixed Platforms.Build.0 = Release|x86
		{6B143A39-C7B2-4743-9917-92262C60E9A6}.Release|x64.ActiveCfg = Release|x64
		{6B143A39-C7B2-4743-9917-92262C60E9A6}.Release|x64.Build.0 = Release|x64
		{6B143A39-C7B2-4743-9917-92262C60E9A6}.Release|x86.ActiveCfg = Release|x86
		{6B143A39-C7B2-4743-9917-92262C60E9A6}.Release|x86.Build.0 = Release|x86
		{55F32DF2-0E4B-4E03-9A02-C511854C4199}.Debug|Any CPU.ActiveCfg = Debug|Any CPU
		{55F32DF2-0E4B-4E03-9A02-C511854C4199}.Debug|Any CPU.Build.0 = Debug|Any CPU
		{55F32DF2-0E4B-4E03-9A02-C511854C4199}.Debug|Mixed Platforms.ActiveCfg = Debug|x86
		{55F32DF2-0E4B-4E03-9A02-C511854C4199}.Debug|Mixed Platforms.Build.0 = Debug|x86
		{55F32DF2-0E4B-4E03-9A02-C511854C4199}.Debug|x64.ActiveCfg = Debug|x64
		{55F32DF2-0E4B-4E03-9A02-C511854C4199}.Debug|x64.Build.0 = Debug|x64
		{55F32DF2-0E4B-4E03-9A02-C511854C4199}.Debug|x86.ActiveCfg = Debug|x86
		{55F32DF2-0E4B-4E03-9A02-C511854C4199}.Debug|x86.Build.0 = Debug|x86
		{55F32DF2-0E4B-4E03-9A02-C511854C4199}.Release|Any CPU.ActiveCfg = Release|Any CPU
		{55F32DF2-0E4B-4E03-9A02-C511854C4199}.Release|Any CPU.Build.0 = Release|Any CPU
		{55F32DF2-0E4B-4E03-9A02-C511854C4199}.Release|Mixed Platforms.ActiveCfg = Release|x86
		{55F32DF2-0E4B-4E03-9A02-C511854C4199}.Release|Mixed Platforms.Build.0 = Release|x86
		{55F32DF2-0E4B-4E03-9A02-C511854C4199}.Release|x64.ActiveCfg = Release|x64
		{55F32DF2-0E4B-4E03-9A02-C511854C4199}.Release|x64.Build.0 = Release|x64
		{55F32DF2-0E4B-4E03-9A02-C511854C4199}.Release|x86.ActiveCfg = Release|x86
		{55F32DF2-0E4B-4E03-9A02-C511854C4199}.Release|x86.Build.0 = Release|x86
		{E0E8C7BB-443D-48A7-BB61-2098587271D9}.Debug|Any CPU.ActiveCfg = Debug
		{E0E8C7BB-443D-48A7-BB61-2098587271D9}.Debug|Mixed Platforms.ActiveCfg = Debug
		{E0E8C7BB-443D-48A7-BB61-2098587271D9}.Debug|x64.ActiveCfg = Debug
		{E0E8C7BB-443D-48A7-BB61-2098587271D9}.Debug|x86.ActiveCfg = Debug
		{E0E8C7BB-443D-48A7-BB61-2098587271D9}.Release|Any CPU.ActiveCfg = Release
		{E0E8C7BB-443D-48A7-BB61-2098587271D9}.Release|Mixed Platforms.ActiveCfg = Release
		{E0E8C7BB-443D-48A7-BB61-2098587271D9}.Release|x64.ActiveCfg = Release
		{E0E8C7BB-443D-48A7-BB61-2098587271D9}.Release|x86.ActiveCfg = Release
		{E0E8C7BB-443D-48A7-BB61-2098587271D9}.Release|x86.Deploy.0 = Release
	EndGlobalSection
	GlobalSection(SolutionProperties) = preSolution
		HideSolutionNode = FALSE
	EndGlobalSection
EndGlobal
